
Microsoft Visual Studio Solution File, Format Version 12.00
# Visual Studio Version 17
VisualStudioVersion = 17.13.35931.197 d17.13
MinimumVisualStudioVersion = 10.0.40219.1
Project("{FAE04EC0-301F-11D3-BF4B-00C04F79EFBC}") = "ByteBank", "ByteBank\ByteBank.csproj", "{70320007-9285-4776-973C-E0F6EA4AB3DC}"
EndProject
Global
	GlobalSection(SolutionConfigurationPlatforms) = preSolution
		Debug|Any CPU = Debug|Any CPU
		Release|Any CPU = Release|Any CPU
	EndGlobalSection
	GlobalSection(ProjectConfigurationPlatforms) = postSolution
		{70320007-9285-4776-973C-E0F6EA4AB3DC}.Debug|Any CPU.ActiveCfg = Debug|Any CPU
		{70320007-9285-4776-973C-E0F6EA4AB3DC}.Debug|Any CPU.Build.0 = Debug|Any CPU
		{70320007-9285-4776-973C-E0F6EA4AB3DC}.Release|Any CPU.ActiveCfg = Release|Any CPU
		{70320007-9285-4776-973C-E0F6EA4AB3DC}.Release|Any CPU.Build.0 = Release|Any CPU
	EndGlobalSection
	GlobalSection(SolutionProperties) = preSolution
		HideSolutionNode = FALSE
	EndGlobalSection
	GlobalSection(ExtensibilityGlobals) = postSolution
		SolutionGuid = {42F5CCED-1AD8-4EE0-9B8D-85BBD8B491B0}
	EndGlobalSection
EndGlobal
